
Microsoft Visual Studio Solution File, Format Version 12.00
# Visual Studio Version 17
VisualStudioVersion = 17.8.34309.116
MinimumVisualStudioVersion = 10.0.40219.1
Project("{9A19103F-16F7-4668-BE54-9A1E7A4F7556}") = "ASP.NET8.Identity", "ASP.NET.8.Identity\ASP.NET8.Identity.csproj", "{61EFF812-1AEF-4B5A-88FC-D3FC8A10D657}"
EndProject
Global
	GlobalSection(SolutionConfigurationPlatforms) = preSolution
		Debug|Any CPU = Debug|Any CPU
		Release|Any CPU = Release|Any CPU
	EndGlobalSection
	GlobalSection(ProjectConfigurationPlatforms) = postSolution
		{61EFF812-1AEF-4B5A-88FC-D3FC8A10D657}.Debug|Any CPU.ActiveCfg = Debug|Any CPU
		{61EFF812-1AEF-4B5A-88FC-D3FC8A10D657}.Debug|Any CPU.Build.0 = Debug|Any CPU
		{61EFF812-1AEF-4B5A-88FC-D3FC8A10D657}.Release|Any CPU.ActiveCfg = Release|Any CPU
		{61EFF812-1AEF-4B5A-88FC-D3FC8A10D657}.Release|Any CPU.Build.0 = Release|Any CPU
	EndGlobalSection
	GlobalSection(SolutionProperties) = preSolution
		HideSolutionNode = FALSE
	EndGlobalSection
	GlobalSection(ExtensibilityGlobals) = postSolution
		SolutionGuid = {E0EA7E55-2F57-4015-B244-5A09051F92C4}
	EndGlobalSection
EndGlobal
